
Microsoft Visual Studio Solution File, Format Version 12.00
# Visual Studio Version 17
VisualStudioVersion = 17.4.33213.308
MinimumVisualStudioVersion = 10.0.40219.1
Project("{FAE04EC0-301F-11D3-BF4B-00C04F79EFBC}") = "Server", "Server\Server.csproj", "{FD71A548-8580-455F-A1BA-575B05EC8080}"
EndProject
Project("{FAE04EC0-301F-11D3-BF4B-00C04F79EFBC}") = "Client", "Client\Client.csproj", "{A248FCEE-6848-4ED2-BFB3-D83C895CBDFF}"
EndProject
Project("{FAE04EC0-301F-11D3-BF4B-00C04F79EFBC}") = "Shared", "Shared\Shared.csproj", "{DD5EE21A-E834-47E0-84EA-7AADAE21153B}"
EndProject
Global
	GlobalSection(SolutionConfigurationPlatforms) = preSolution
		Debug|Any CPU = Debug|Any CPU
		Release|Any CPU = Release|Any CPU
	EndGlobalSection
	GlobalSection(ProjectConfigurationPlatforms) = postSolution
		{FD71A548-8580-455F-A1BA-575B05EC8080}.Debug|Any CPU.ActiveCfg = Debug|Any CPU
		{FD71A548-8580-455F-A1BA-575B05EC8080}.Debug|Any CPU.Build.0 = Debug|Any CPU
		{FD71A548-8580-455F-A1BA-575B05EC8080}.Release|Any CPU.ActiveCfg = Release|Any CPU
		{FD71A548-8580-455F-A1BA-575B05EC8080}.Release|Any CPU.Build.0 = Release|Any CPU
		{A248FCEE-6848-4ED2-BFB3-D83C895CBDFF}.Debug|Any CPU.ActiveCfg = Debug|Any CPU
		{A248FCEE-6848-4ED2-BFB3-D83C895CBDFF}.Debug|Any CPU.Build.0 = Debug|Any CPU
		{A248FCEE-6848-4ED2-BFB3-D83C895CBDFF}.Release|Any CPU.ActiveCfg = Release|Any CPU
		{A248FCEE-6848-4ED2-BFB3-D83C895CBDFF}.Release|Any CPU.Build.0 = Release|Any CPU
		{DD5EE21A-E834-47E0-84EA-7AADAE21153B}.Debug|Any CPU.ActiveCfg = Debug|Any CPU
		{DD5EE21A-E834-47E0-84EA-7AADAE21153B}.Debug|Any CPU.Build.0 = Debug|Any CPU
		{DD5EE21A-E834-47E0-84EA-7AADAE21153B}.Release|Any CPU.ActiveCfg = Release|Any CPU
		{DD5EE21A-E834-47E0-84EA-7AADAE21153B}.Release|Any CPU.Build.0 = Release|Any CPU
	EndGlobalSection
	GlobalSection(SolutionProperties) = preSolution
		HideSolutionNode = FALSE
	EndGlobalSection
	GlobalSection(ExtensibilityGlobals) = postSolution
		SolutionGuid = {936B0A57-11D1-47CE-859B-BBD2A1899135}
	EndGlobalSection
EndGlobal
